
Microsoft Visual Studio Solution File, Format Version 12.00
# Visual Studio Version 16
VisualStudioVersion = 16.0.32428.217
MinimumVisualStudioVersion = 10.0.40219.1
Project("{9A19103F-16F7-4668-BE54-9A1E7A4F7556}") = "Login3", "Login3\Login3.csproj", "{3B9FFC62-9017-43FC-8B9B-2C5B613750D4}"
EndProject
Project("{FAE04EC0-301F-11D3-BF4B-00C04F79EFBC}") = "WebApplication1", "..\..\..\..\..\AngularWebAPITutorial\api\WebAPI\WebApplication1\WebApplication1.csproj", "{D1B22178-760F-4706-BB6F-DCC5FE3EAFAF}"
EndProject
Global
	GlobalSection(SolutionConfigurationPlatforms) = preSolution
		Debug|Any CPU = Debug|Any CPU
		Release|Any CPU = Release|Any CPU
	EndGlobalSection
	GlobalSection(ProjectConfigurationPlatforms) = postSolution
		{3B9FFC62-9017-43FC-8B9B-2C5B613750D4}.Debug|Any CPU.ActiveCfg = Debug|Any CPU
		{3B9FFC62-9017-43FC-8B9B-2C5B613750D4}.Debug|Any CPU.Build.0 = Debug|Any CPU
		{3B9FFC62-9017-43FC-8B9B-2C5B613750D4}.Release|Any CPU.ActiveCfg = Release|Any CPU
		{3B9FFC62-9017-43FC-8B9B-2C5B613750D4}.Release|Any CPU.Build.0 = Release|Any CPU
		{D1B22178-760F-4706-BB6F-DCC5FE3EAFAF}.Debug|Any CPU.ActiveCfg = Debug|Any CPU
		{D1B22178-760F-4706-BB6F-DCC5FE3EAFAF}.Debug|Any CPU.Build.0 = Debug|Any CPU
		{D1B22178-760F-4706-BB6F-DCC5FE3EAFAF}.Release|Any CPU.ActiveCfg = Release|Any CPU
		{D1B22178-760F-4706-BB6F-DCC5FE3EAFAF}.Release|Any CPU.Build.0 = Release|Any CPU
	EndGlobalSection
	GlobalSection(SolutionProperties) = preSolution
		HideSolutionNode = FALSE
	EndGlobalSection
	GlobalSection(ExtensibilityGlobals) = postSolution
		SolutionGuid = {77BE791D-FD33-4CE5-8FCC-6F35D314663C}
	EndGlobalSection
EndGlobal
